
Microsoft Visual Studio Solution File, Format Version 12.00
# Visual Studio Version 16
VisualStudioVersion = 16.0.29613.14
MinimumVisualStudioVersion = 10.0.40219.1
Project("{FAE04EC0-301F-11D3-BF4B-00C04F79EFBC}") = "BillSplitterConsole", "BillSplitterConsole.csproj", "{3094E359-463C-4EEB-8258-E49AAD3B6BD9}"
EndProject
Global
	GlobalSection(SolutionConfigurationPlatforms) = preSolution
		Debug|Any CPU = Debug|Any CPU
		Release|Any CPU = Release|Any CPU
	EndGlobalSection
	GlobalSection(ProjectConfigurationPlatforms) = postSolution
		{3094E359-463C-4EEB-8258-E49AAD3B6BD9}.Debug|Any CPU.ActiveCfg = Debug|Any CPU
		{3094E359-463C-4EEB-8258-E49AAD3B6BD9}.Debug|Any CPU.Build.0 = Debug|Any CPU
		{3094E359-463C-4EEB-8258-E49AAD3B6BD9}.Release|Any CPU.ActiveCfg = Release|Any CPU
		{3094E359-463C-4EEB-8258-E49AAD3B6BD9}.Release|Any CPU.Build.0 = Release|Any CPU
	EndGlobalSection
	GlobalSection(SolutionProperties) = preSolution
		HideSolutionNode = FALSE
	EndGlobalSection
	GlobalSection(ExtensibilityGlobals) = postSolution
		SolutionGuid = {A1538A36-D413-4E11-A0DC-EC68CCE2C69A}
	EndGlobalSection
EndGlobal
